
Microsoft Visual Studio Solution File, Format Version 12.00
# Visual Studio Version 17
VisualStudioVersion = 17.9.34723.18
MinimumVisualStudioVersion = 10.0.40219.1
Project("{FAE04EC0-301F-11D3-BF4B-00C04F79EFBC}") = "ExChainOfResponsabilty", "ExChainOfResponsabilty\ExChainOfResponsabilty.csproj", "{FB9DFB13-5325-4DBC-8C81-34A3B8812B10}"
EndProject
Global
	GlobalSection(SolutionConfigurationPlatforms) = preSolution
		Debug|Any CPU = Debug|Any CPU
		Release|Any CPU = Release|Any CPU
	EndGlobalSection
	GlobalSection(ProjectConfigurationPlatforms) = postSolution
		{FB9DFB13-5325-4DBC-8C81-34A3B8812B10}.Debug|Any CPU.ActiveCfg = Debug|Any CPU
		{FB9DFB13-5325-4DBC-8C81-34A3B8812B10}.Debug|Any CPU.Build.0 = Debug|Any CPU
		{FB9DFB13-5325-4DBC-8C81-34A3B8812B10}.Release|Any CPU.ActiveCfg = Release|Any CPU
		{FB9DFB13-5325-4DBC-8C81-34A3B8812B10}.Release|Any CPU.Build.0 = Release|Any CPU
	EndGlobalSection
	GlobalSection(SolutionProperties) = preSolution
		HideSolutionNode = FALSE
	EndGlobalSection
	GlobalSection(ExtensibilityGlobals) = postSolution
		SolutionGuid = {4EE5F739-B391-4DC2-ADF0-C9FFE2134219}
	EndGlobalSection
EndGlobal
